
Microsoft Visual Studio Solution File, Format Version 12.00
# Visual Studio Version 17
VisualStudioVersion = 17.9.34607.119
MinimumVisualStudioVersion = 10.0.40219.1
Project("{FAE04EC0-301F-11D3-BF4B-00C04F79EFBC}") = "tpmodul12_1302220093", "tpmodul12_1302220093\tpmodul12_1302220093.csproj", "{24111E7A-0FD0-4C43-AE9E-91EB932AC7F4}"
EndProject
Project("{FAE04EC0-301F-11D3-BF4B-00C04F79EFBC}") = "UnitTesting", "UnitTesting\UnitTesting.csproj", "{6319C570-943C-4303-8E41-BEF859D9D6BC}"
EndProject
Global
	GlobalSection(SolutionConfigurationPlatforms) = preSolution
		Debug|Any CPU = Debug|Any CPU
		Release|Any CPU = Release|Any CPU
	EndGlobalSection
	GlobalSection(ProjectConfigurationPlatforms) = postSolution
		{24111E7A-0FD0-4C43-AE9E-91EB932AC7F4}.Debug|Any CPU.ActiveCfg = Debug|Any CPU
		{24111E7A-0FD0-4C43-AE9E-91EB932AC7F4}.Debug|Any CPU.Build.0 = Debug|Any CPU
		{24111E7A-0FD0-4C43-AE9E-91EB932AC7F4}.Release|Any CPU.ActiveCfg = Release|Any CPU
		{24111E7A-0FD0-4C43-AE9E-91EB932AC7F4}.Release|Any CPU.Build.0 = Release|Any CPU
		{6319C570-943C-4303-8E41-BEF859D9D6BC}.Debug|Any CPU.ActiveCfg = Debug|Any CPU
		{6319C570-943C-4303-8E41-BEF859D9D6BC}.Debug|Any CPU.Build.0 = Debug|Any CPU
		{6319C570-943C-4303-8E41-BEF859D9D6BC}.Release|Any CPU.ActiveCfg = Release|Any CPU
		{6319C570-943C-4303-8E41-BEF859D9D6BC}.Release|Any CPU.Build.0 = Release|Any CPU
	EndGlobalSection
	GlobalSection(SolutionProperties) = preSolution
		HideSolutionNode = FALSE
	EndGlobalSection
	GlobalSection(ExtensibilityGlobals) = postSolution
		SolutionGuid = {D4A123B0-6FBB-470D-BE3C-DC6C0F639DB8}
	EndGlobalSection
EndGlobal
